
Microsoft Visual Studio Solution File, Format Version 12.00
# Visual Studio Version 17
VisualStudioVersion = 17.7.34031.279
MinimumVisualStudioVersion = 10.0.40219.1
Project("{FAE04EC0-301F-11D3-BF4B-00C04F79EFBC}") = "Pri.GameLibrary.Core", "Pri.GameLibrary.Core\Pri.GameLibrary.Core.csproj", "{882BA244-653D-49F1-9775-6EEFFF98C6E8}"
EndProject
Global
	GlobalSection(SolutionConfigurationPlatforms) = preSolution
		Debug|Any CPU = Debug|Any CPU
		Release|Any CPU = Release|Any CPU
	EndGlobalSection
	GlobalSection(ProjectConfigurationPlatforms) = postSolution
		{882BA244-653D-49F1-9775-6EEFFF98C6E8}.Debug|Any CPU.ActiveCfg = Debug|Any CPU
		{882BA244-653D-49F1-9775-6EEFFF98C6E8}.Debug|Any CPU.Build.0 = Debug|Any CPU
		{882BA244-653D-49F1-9775-6EEFFF98C6E8}.Release|Any CPU.ActiveCfg = Release|Any CPU
		{882BA244-653D-49F1-9775-6EEFFF98C6E8}.Release|Any CPU.Build.0 = Release|Any CPU
	EndGlobalSection
	GlobalSection(SolutionProperties) = preSolution
		HideSolutionNode = FALSE
	EndGlobalSection
	GlobalSection(ExtensibilityGlobals) = postSolution
		SolutionGuid = {2975D558-6103-42FA-B114-861AF44225F2}
	EndGlobalSection
EndGlobal
